
Microsoft Visual Studio Solution File, Format Version 12.00
# Visual Studio Version 17
VisualStudioVersion = 17.3.32819.101
MinimumVisualStudioVersion = 10.0.40219.1
Project("{FAE04EC0-301F-11D3-BF4B-00C04F79EFBC}") = "ToucanCore", "Core\ToucanCore.csproj", "{46A3561E-8426-4C68-BDB8-96E7BB2C945F}"
EndProject
Project("{FAE04EC0-301F-11D3-BF4B-00C04F79EFBC}") = "Toucan", "Toucan\Toucan.csproj", "{55441010-4018-480A-9CB0-57A010A9B435}"
EndProject
Project("{FAE04EC0-301F-11D3-BF4B-00C04F79EFBC}") = "QueueClient", "QueueClient\QueueClient.csproj", "{9650F2A8-00FA-4E2F-AB88-EBA541827966}"
EndProject
Project("{FAE04EC0-301F-11D3-BF4B-00C04F79EFBC}") = "QueueServer", "QueueServer\QueueServer.csproj", "{7C806E20-84C3-4D23-9881-957B1E75C6D8}"
EndProject
Project("{2150E333-8FDC-42A3-9474-1A3956D46DE8}") = "APGUI", "APGUI", "{FF8B0288-9FB7-418F-BF28-3778F0EAC2D1}"
EndProject
Project("{FAE04EC0-301F-11D3-BF4B-00C04F79EFBC}") = "Toucan_WPF", "Toucan_WPF\Toucan_WPF.csproj", "{DBB7FFC7-CDFD-43F6-9C61-D0E6D17AC5F0}"
EndProject
Project("{FAE04EC0-301F-11D3-BF4B-00C04F79EFBC}") = "Robin", "Robin\Robin.csproj", "{44F31DE5-2842-4082-9B43-F19D16F3DF6D}"
EndProject
Project("{2150E333-8FDC-42A3-9474-1A3956D46DE8}") = "ToucanEngine", "ToucanEngine", "{BF7B3F3F-E8EA-45FA-981A-7226D22D7628}"
EndProject
Project("{FAE04EC0-301F-11D3-BF4B-00C04F79EFBC}") = "TsEngine", "TsEngine\TsEngine.csproj", "{75E823F0-0082-494C-B392-9487674AB40B}"
EndProject
Project("{FAE04EC0-301F-11D3-BF4B-00C04F79EFBC}") = "TsApEngine", "TsApEngine\TsApEngine.csproj", "{418DA126-4D22-4CE8-B371-86DD81A2444B}"
EndProject
Project("{FAE04EC0-301F-11D3-BF4B-00C04F79EFBC}") = "TsA2BEngine", "TsA2BEngine\TsA2BEngine.csproj", "{2B3A17A8-CB20-46FA-95BA-D1F70652171E}"
EndProject
Project("{FAE04EC0-301F-11D3-BF4B-00C04F79EFBC}") = "ApEngineManager", "ApEngineManager\ApEngineManager.csproj", "{77F96A56-742F-467C-A2F6-CE108D5971D2}"
EndProject
Project("{FAE04EC0-301F-11D3-BF4B-00C04F79EFBC}") = "ApEngine_v5", "ApEngine\ApEngine_v5.csproj", "{67B5B8E5-BD9A-4543-B880-87A5F9B6C6FD}"
EndProject
Project("{FAE04EC0-301F-11D3-BF4B-00C04F79EFBC}") = "ApEngine_v6", "ApEngine\ApEngine_v6.csproj", "{8D5C30FA-DF0B-40A7-9963-637B206ED908}"
EndProject
Project("{FAE04EC0-301F-11D3-BF4B-00C04F79EFBC}") = "ApEngine_v7", "ApEngine\ApEngine_v7.csproj", "{43D19357-6513-41D9-8DF7-4CEB8E68A8B4}"
EndProject
Project("{FAE04EC0-301F-11D3-BF4B-00C04F79EFBC}") = "ApEngine_v9", "ApEngine\ApEngine_v9.csproj", "{3A082AAD-3FF9-4BD6-BCC6-F5BCB5CCB1BF}"
EndProject
Project("{FAE04EC0-301F-11D3-BF4B-00C04F79EFBC}") = "ApEngine_v8", "ApEngine\ApEngine_v8.csproj", "{48302387-7A99-49CF-9FF5-837DED80D400}"
EndProject
Project("{9A19103F-16F7-4668-BE54-9A1E7A4F7556}") = "ToucanCore.Abstraction", "ToucanCore.Abstraction\ToucanCore.Abstraction.csproj", "{9EEC0E03-9E6A-4F8B-8B1C-42CD36D5ACF3}"
EndProject
Project("{FAE04EC0-301F-11D3-BF4B-00C04F79EFBC}") = "Mes", "Mes\Mes.csproj", "{16E9F80F-D299-4BDC-9F18-421D85E7768D}"
EndProject
Project("{FAE04EC0-301F-11D3-BF4B-00C04F79EFBC}") = "MesDemoForVendor", "MesDemoForVendor\MesDemoForVendor.csproj", "{D5085F30-68F7-484A-870E-5B0A99C3B627}"
EndProject
Project("{FAE04EC0-301F-11D3-BF4B-00C04F79EFBC}") = "ThPrimaxSfcTest", "ThPrimaxSfcTest\ThPrimaxSfcTest.csproj", "{39062F28-8652-464A-BDA4-71EDB39D5534}"
EndProject
Global
	GlobalSection(SolutionConfigurationPlatforms) = preSolution
		Debug APx|Any CPU = Debug APx|Any CPU
		Debug APx|x64 = Debug APx|x64
		Debug APx|x86 = Debug APx|x86
		Debug|Any CPU = Debug|Any CPU
		Debug|x64 = Debug|x64
		Debug|x86 = Debug|x86
		Release|Any CPU = Release|Any CPU
		Release|x64 = Release|x64
		Release|x86 = Release|x86
	EndGlobalSection
	GlobalSection(ProjectConfigurationPlatforms) = postSolution
		{46A3561E-8426-4C68-BDB8-96E7BB2C945F}.Debug APx|Any CPU.ActiveCfg = Debug|Any CPU
		{46A3561E-8426-4C68-BDB8-96E7BB2C945F}.Debug APx|Any CPU.Build.0 = Debug|Any CPU
		{46A3561E-8426-4C68-BDB8-96E7BB2C945F}.Debug APx|x64.ActiveCfg = Debug|Any CPU
		{46A3561E-8426-4C68-BDB8-96E7BB2C945F}.Debug APx|x64.Build.0 = Debug|Any CPU
		{46A3561E-8426-4C68-BDB8-96E7BB2C945F}.Debug APx|x86.ActiveCfg = Debug|Any CPU
		{46A3561E-8426-4C68-BDB8-96E7BB2C945F}.Debug APx|x86.Build.0 = Debug|Any CPU
		{46A3561E-8426-4C68-BDB8-96E7BB2C945F}.Debug|Any CPU.ActiveCfg = Debug|Any CPU
		{46A3561E-8426-4C68-BDB8-96E7BB2C945F}.Debug|Any CPU.Build.0 = Debug|Any CPU
		{46A3561E-8426-4C68-BDB8-96E7BB2C945F}.Debug|x64.ActiveCfg = Debug|Any CPU
		{46A3561E-8426-4C68-BDB8-96E7BB2C945F}.Debug|x64.Build.0 = Debug|Any CPU
		{46A3561E-8426-4C68-BDB8-96E7BB2C945F}.Debug|x86.ActiveCfg = Debug|Any CPU
		{46A3561E-8426-4C68-BDB8-96E7BB2C945F}.Debug|x86.Build.0 = Debug|Any CPU
		{46A3561E-8426-4C68-BDB8-96E7BB2C945F}.Release|Any CPU.ActiveCfg = Release|Any CPU
		{46A3561E-8426-4C68-BDB8-96E7BB2C945F}.Release|Any CPU.Build.0 = Release|Any CPU
		{46A3561E-8426-4C68-BDB8-96E7BB2C945F}.Release|x64.ActiveCfg = Release|Any CPU
		{46A3561E-8426-4C68-BDB8-96E7BB2C945F}.Release|x64.Build.0 = Release|Any CPU
		{46A3561E-8426-4C68-BDB8-96E7BB2C945F}.Release|x86.ActiveCfg = Release|Any CPU
		{46A3561E-8426-4C68-BDB8-96E7BB2C945F}.Release|x86.Build.0 = Release|Any CPU
		{55441010-4018-480A-9CB0-57A010A9B435}.Debug APx|Any CPU.ActiveCfg = Debug|Any CPU
		{55441010-4018-480A-9CB0-57A010A9B435}.Debug APx|x64.ActiveCfg = Debug|x64
		{55441010-4018-480A-9CB0-57A010A9B435}.Debug APx|x86.ActiveCfg = Debug|x86
		{55441010-4018-480A-9CB0-57A010A9B435}.Debug|Any CPU.ActiveCfg = Debug|Any CPU
		{55441010-4018-480A-9CB0-57A010A9B435}.Debug|Any CPU.Build.0 = Debug|Any CPU
		{55441010-4018-480A-9CB0-57A010A9B435}.Debug|x64.ActiveCfg = Debug|x64
		{55441010-4018-480A-9CB0-57A010A9B435}.Debug|x64.Build.0 = Debug|x64
		{55441010-4018-480A-9CB0-57A010A9B435}.Debug|x86.ActiveCfg = Debug|x86
		{55441010-4018-480A-9CB0-57A010A9B435}.Debug|x86.Build.0 = Debug|x86
		{55441010-4018-480A-9CB0-57A010A9B435}.Release|Any CPU.ActiveCfg = Release|Any CPU
		{55441010-4018-480A-9CB0-57A010A9B435}.Release|Any CPU.Build.0 = Release|Any CPU
		{55441010-4018-480A-9CB0-57A010A9B435}.Release|x64.ActiveCfg = Release|x64
		{55441010-4018-480A-9CB0-57A010A9B435}.Release|x64.Build.0 = Release|x64
		{55441010-4018-480A-9CB0-57A010A9B435}.Release|x86.ActiveCfg = Release|x86
		{55441010-4018-480A-9CB0-57A010A9B435}.Release|x86.Build.0 = Release|x86
		{9650F2A8-00FA-4E2F-AB88-EBA541827966}.Debug APx|Any CPU.ActiveCfg = Debug|Any CPU
		{9650F2A8-00FA-4E2F-AB88-EBA541827966}.Debug APx|x64.ActiveCfg = Debug|Any CPU
		{9650F2A8-00FA-4E2F-AB88-EBA541827966}.Debug APx|x86.ActiveCfg = Debug|Any CPU
		{9650F2A8-00FA-4E2F-AB88-EBA541827966}.Debug|Any CPU.ActiveCfg = Debug|Any CPU
		{9650F2A8-00FA-4E2F-AB88-EBA541827966}.Debug|Any CPU.Build.0 = Debug|Any CPU
		{9650F2A8-00FA-4E2F-AB88-EBA541827966}.Debug|x64.ActiveCfg = Debug|Any CPU
		{9650F2A8-00FA-4E2F-AB88-EBA541827966}.Debug|x64.Build.0 = Debug|Any CPU
		{9650F2A8-00FA-4E2F-AB88-EBA541827966}.Debug|x86.ActiveCfg = Debug|Any CPU
		{9650F2A8-00FA-4E2F-AB88-EBA541827966}.Debug|x86.Build.0 = Debug|Any CPU
		{9650F2A8-00FA-4E2F-AB88-EBA541827966}.Release|Any CPU.ActiveCfg = Release|Any CPU
		{9650F2A8-00FA-4E2F-AB88-EBA541827966}.Release|Any CPU.Build.0 = Release|Any CPU
		{9650F2A8-00FA-4E2F-AB88-EBA541827966}.Release|x64.ActiveCfg = Release|Any CPU
		{9650F2A8-00FA-4E2F-AB88-EBA541827966}.Release|x64.Build.0 = Release|Any CPU
		{9650F2A8-00FA-4E2F-AB88-EBA541827966}.Release|x86.ActiveCfg = Release|Any CPU
		{9650F2A8-00FA-4E2F-AB88-EBA541827966}.Release|x86.Build.0 = Release|Any CPU
		{7C806E20-84C3-4D23-9881-957B1E75C6D8}.Debug APx|Any CPU.ActiveCfg = Debug|Any CPU
		{7C806E20-84C3-4D23-9881-957B1E75C6D8}.Debug APx|x64.ActiveCfg = Debug|Any CPU
		{7C806E20-84C3-4D23-9881-957B1E75C6D8}.Debug APx|x86.ActiveCfg = Debug|Any CPU
		{7C806E20-84C3-4D23-9881-957B1E75C6D8}.Debug|Any CPU.ActiveCfg = Debug|Any CPU
		{7C806E20-84C3-4D23-9881-957B1E75C6D8}.Debug|Any CPU.Build.0 = Debug|Any CPU
		{7C806E20-84C3-4D23-9881-957B1E75C6D8}.Debug|x64.ActiveCfg = Debug|Any CPU
		{7C806E20-84C3-4D23-9881-957B1E75C6D8}.Debug|x64.Build.0 = Debug|Any CPU
		{7C806E20-84C3-4D23-9881-957B1E75C6D8}.Debug|x86.ActiveCfg = Debug|Any CPU
		{7C806E20-84C3-4D23-9881-957B1E75C6D8}.Debug|x86.Build.0 = Debug|Any CPU
		{7C806E20-84C3-4D23-9881-957B1E75C6D8}.Release|Any CPU.ActiveCfg = Release|Any CPU
		{7C806E20-84C3-4D23-9881-957B1E75C6D8}.Release|Any CPU.Build.0 = Release|Any CPU
		{7C806E20-84C3-4D23-9881-957B1E75C6D8}.Release|x64.ActiveCfg = Release|Any CPU
		{7C806E20-84C3-4D23-9881-957B1E75C6D8}.Release|x64.Build.0 = Release|Any CPU
		{7C806E20-84C3-4D23-9881-957B1E75C6D8}.Release|x86.ActiveCfg = Release|Any CPU
		{7C806E20-84C3-4D23-9881-957B1E75C6D8}.Release|x86.Build.0 = Release|Any CPU
		{DBB7FFC7-CDFD-43F6-9C61-D0E6D17AC5F0}.Debug APx|Any CPU.ActiveCfg = Debug APx|Any CPU
		{DBB7FFC7-CDFD-43F6-9C61-D0E6D17AC5F0}.Debug APx|Any CPU.Build.0 = Debug APx|Any CPU
		{DBB7FFC7-CDFD-43F6-9C61-D0E6D17AC5F0}.Debug APx|x64.ActiveCfg = Debug APx|Any CPU
		{DBB7FFC7-CDFD-43F6-9C61-D0E6D17AC5F0}.Debug APx|x64.Build.0 = Debug APx|Any CPU
		{DBB7FFC7-CDFD-43F6-9C61-D0E6D17AC5F0}.Debug APx|x86.ActiveCfg = Debug APx|Any CPU
		{DBB7FFC7-CDFD-43F6-9C61-D0E6D17AC5F0}.Debug APx|x86.Build.0 = Debug APx|Any CPU
		{DBB7FFC7-CDFD-43F6-9C61-D0E6D17AC5F0}.Debug|Any CPU.ActiveCfg = Debug|Any CPU
		{DBB7FFC7-CDFD-43F6-9C61-D0E6D17AC5F0}.Debug|Any CPU.Build.0 = Debug|Any CPU
		{DBB7FFC7-CDFD-43F6-9C61-D0E6D17AC5F0}.Debug|x64.ActiveCfg = Debug|Any CPU
		{DBB7FFC7-CDFD-43F6-9C61-D0E6D17AC5F0}.Debug|x64.Build.0 = Debug|Any CPU
		{DBB7FFC7-CDFD-43F6-9C61-D0E6D17AC5F0}.Debug|x86.ActiveCfg = Debug|Any CPU
		{DBB7FFC7-CDFD-43F6-9C61-D0E6D17AC5F0}.Debug|x86.Build.0 = Debug|Any CPU
		{DBB7FFC7-CDFD-43F6-9C61-D0E6D17AC5F0}.Release|Any CPU.ActiveCfg = Release|Any CPU
		{DBB7FFC7-CDFD-43F6-9C61-D0E6D17AC5F0}.Release|Any CPU.Build.0 = Release|Any CPU
		{DBB7FFC7-CDFD-43F6-9C61-D0E6D17AC5F0}.Release|x64.ActiveCfg = Release|Any CPU
		{DBB7FFC7-CDFD-43F6-9C61-D0E6D17AC5F0}.Release|x64.Build.0 = Release|Any CPU
		{DBB7FFC7-CDFD-43F6-9C61-D0E6D17AC5F0}.Release|x86.ActiveCfg = Release|Any CPU
		{DBB7FFC7-CDFD-43F6-9C61-D0E6D17AC5F0}.Release|x86.Build.0 = Release|Any CPU
		{44F31DE5-2842-4082-9B43-F19D16F3DF6D}.Debug APx|Any CPU.ActiveCfg = Debug|Any CPU
		{44F31DE5-2842-4082-9B43-F19D16F3DF6D}.Debug APx|x64.ActiveCfg = Debug|Any CPU
		{44F31DE5-2842-4082-9B43-F19D16F3DF6D}.Debug APx|x86.ActiveCfg = Debug|Any CPU
		{44F31DE5-2842-4082-9B43-F19D16F3DF6D}.Debug|Any CPU.ActiveCfg = Debug|Any CPU
		{44F31DE5-2842-4082-9B43-F19D16F3DF6D}.Debug|Any CPU.Build.0 = Debug|Any CPU
		{44F31DE5-2842-4082-9B43-F19D16F3DF6D}.Debug|x64.ActiveCfg = Debug|Any CPU
		{44F31DE5-2842-4082-9B43-F19D16F3DF6D}.Debug|x64.Build.0 = Debug|Any CPU
		{44F31DE5-2842-4082-9B43-F19D16F3DF6D}.Debug|x86.ActiveCfg = Debug|Any CPU
		{44F31DE5-2842-4082-9B43-F19D16F3DF6D}.Debug|x86.Build.0 = Debug|Any CPU
		{44F31DE5-2842-4082-9B43-F19D16F3DF6D}.Release|Any CPU.ActiveCfg = Release|Any CPU
		{44F31DE5-2842-4082-9B43-F19D16F3DF6D}.Release|Any CPU.Build.0 = Release|Any CPU
		{44F31DE5-2842-4082-9B43-F19D16F3DF6D}.Release|x64.ActiveCfg = Release|Any CPU
		{44F31DE5-2842-4082-9B43-F19D16F3DF6D}.Release|x64.Build.0 = Release|Any CPU
		{44F31DE5-2842-4082-9B43-F19D16F3DF6D}.Release|x86.ActiveCfg = Release|Any CPU
		{44F31DE5-2842-4082-9B43-F19D16F3DF6D}.Release|x86.Build.0 = Release|Any CPU
		{75E823F0-0082-494C-B392-9487674AB40B}.Debug APx|Any CPU.ActiveCfg = Debug|Any CPU
		{75E823F0-0082-494C-B392-9487674AB40B}.Debug APx|Any CPU.Build.0 = Debug|Any CPU
		{75E823F0-0082-494C-B392-9487674AB40B}.Debug APx|x64.ActiveCfg = Debug|Any CPU
		{75E823F0-0082-494C-B392-9487674AB40B}.Debug APx|x64.Build.0 = Debug|Any CPU
		{75E823F0-0082-494C-B392-9487674AB40B}.Debug APx|x86.ActiveCfg = Debug|Any CPU
		{75E823F0-0082-494C-B392-9487674AB40B}.Debug APx|x86.Build.0 = Debug|Any CPU
		{75E823F0-0082-494C-B392-9487674AB40B}.Debug|Any CPU.ActiveCfg = Debug|Any CPU
		{75E823F0-0082-494C-B392-9487674AB40B}.Debug|Any CPU.Build.0 = Debug|Any CPU
		{75E823F0-0082-494C-B392-9487674AB40B}.Debug|x64.ActiveCfg = Debug|Any CPU
		{75E823F0-0082-494C-B392-9487674AB40B}.Debug|x64.Build.0 = Debug|Any CPU
		{75E823F0-0082-494C-B392-9487674AB40B}.Debug|x86.ActiveCfg = Debug|Any CPU
		{75E823F0-0082-494C-B392-9487674AB40B}.Debug|x86.Build.0 = Debug|Any CPU
		{75E823F0-0082-494C-B392-9487674AB40B}.Release|Any CPU.ActiveCfg = Release|Any CPU
		{75E823F0-0082-494C-B392-9487674AB40B}.Release|Any CPU.Build.0 = Release|Any CPU
		{75E823F0-0082-494C-B392-9487674AB40B}.Release|x64.ActiveCfg = Release|Any CPU
		{75E823F0-0082-494C-B392-9487674AB40B}.Release|x64.Build.0 = Release|Any CPU
		{75E823F0-0082-494C-B392-9487674AB40B}.Release|x86.ActiveCfg = Release|Any CPU
		{75E823F0-0082-494C-B392-9487674AB40B}.Release|x86.Build.0 = Release|Any CPU
		{418DA126-4D22-4CE8-B371-86DD81A2444B}.Debug APx|Any CPU.ActiveCfg = Debug|Any CPU
		{418DA126-4D22-4CE8-B371-86DD81A2444B}.Debug APx|Any CPU.Build.0 = Debug|Any CPU
		{418DA126-4D22-4CE8-B371-86DD81A2444B}.Debug APx|x64.ActiveCfg = Debug|Any CPU
		{418DA126-4D22-4CE8-B371-86DD81A2444B}.Debug APx|x64.Build.0 = Debug|Any CPU
		{418DA126-4D22-4CE8-B371-86DD81A2444B}.Debug APx|x86.ActiveCfg = Debug|Any CPU
		{418DA126-4D22-4CE8-B371-86DD81A2444B}.Debug APx|x86.Build.0 = Debug|Any CPU
		{418DA126-4D22-4CE8-B371-86DD81A2444B}.Debug|Any CPU.ActiveCfg = Debug|Any CPU
		{418DA126-4D22-4CE8-B371-86DD81A2444B}.Debug|Any CPU.Build.0 = Debug|Any CPU
		{418DA126-4D22-4CE8-B371-86DD81A2444B}.Debug|x64.ActiveCfg = Debug|Any CPU
		{418DA126-4D22-4CE8-B371-86DD81A2444B}.Debug|x64.Build.0 = Debug|Any CPU
		{418DA126-4D22-4CE8-B371-86DD81A2444B}.Debug|x86.ActiveCfg = Debug|Any CPU
		{418DA126-4D22-4CE8-B371-86DD81A2444B}.Debug|x86.Build.0 = Debug|Any CPU
		{418DA126-4D22-4CE8-B371-86DD81A2444B}.Release|Any CPU.ActiveCfg = Release|Any CPU
		{418DA126-4D22-4CE8-B371-86DD81A2444B}.Release|Any CPU.Build.0 = Release|Any CPU
		{418DA126-4D22-4CE8-B371-86DD81A2444B}.Release|x64.ActiveCfg = Release|Any CPU
		{418DA126-4D22-4CE8-B371-86DD81A2444B}.Release|x64.Build.0 = Release|Any CPU
		{418DA126-4D22-4CE8-B371-86DD81A2444B}.Release|x86.ActiveCfg = Release|Any CPU
		{418DA126-4D22-4CE8-B371-86DD81A2444B}.Release|x86.Build.0 = Release|Any CPU
		{2B3A17A8-CB20-46FA-95BA-D1F70652171E}.Debug APx|Any CPU.ActiveCfg = Debug|Any CPU
		{2B3A17A8-CB20-46FA-95BA-D1F70652171E}.Debug APx|Any CPU.Build.0 = Debug|Any CPU
		{2B3A17A8-CB20-46FA-95BA-D1F70652171E}.Debug APx|x64.ActiveCfg = Debug|Any CPU
		{2B3A17A8-CB20-46FA-95BA-D1F70652171E}.Debug APx|x64.Build.0 = Debug|Any CPU
		{2B3A17A8-CB20-46FA-95BA-D1F70652171E}.Debug APx|x86.ActiveCfg = Debug|Any CPU
		{2B3A17A8-CB20-46FA-95BA-D1F70652171E}.Debug APx|x86.Build.0 = Debug|Any CPU
		{2B3A17A8-CB20-46FA-95BA-D1F70652171E}.Debug|Any CPU.ActiveCfg = Debug|Any CPU
		{2B3A17A8-CB20-46FA-95BA-D1F70652171E}.Debug|Any CPU.Build.0 = Debug|Any CPU
		{2B3A17A8-CB20-46FA-95BA-D1F70652171E}.Debug|x64.ActiveCfg = Debug|Any CPU
		{2B3A17A8-CB20-46FA-95BA-D1F70652171E}.Debug|x64.Build.0 = Debug|Any CPU
		{2B3A17A8-CB20-46FA-95BA-D1F70652171E}.Debug|x86.ActiveCfg = Debug|Any CPU
		{2B3A17A8-CB20-46FA-95BA-D1F70652171E}.Debug|x86.Build.0 = Debug|Any CPU
		{2B3A17A8-CB20-46FA-95BA-D1F70652171E}.Release|Any CPU.ActiveCfg = Release|Any CPU
		{2B3A17A8-CB20-46FA-95BA-D1F70652171E}.Release|Any CPU.Build.0 = Release|Any CPU
		{2B3A17A8-CB20-46FA-95BA-D1F70652171E}.Release|x64.ActiveCfg = Release|Any CPU
		{2B3A17A8-CB20-46FA-95BA-D1F70652171E}.Release|x64.Build.0 = Release|Any CPU
		{2B3A17A8-CB20-46FA-95BA-D1F70652171E}.Release|x86.ActiveCfg = Release|Any CPU
		{2B3A17A8-CB20-46FA-95BA-D1F70652171E}.Release|x86.Build.0 = Release|Any CPU
		{77F96A56-742F-467C-A2F6-CE108D5971D2}.Debug APx|Any CPU.ActiveCfg = Debug|Any CPU
		{77F96A56-742F-467C-A2F6-CE108D5971D2}.Debug APx|Any CPU.Build.0 = Debug|Any CPU
		{77F96A56-742F-467C-A2F6-CE108D5971D2}.Debug APx|x64.ActiveCfg = Debug|Any CPU
		{77F96A56-742F-467C-A2F6-CE108D5971D2}.Debug APx|x64.Build.0 = Debug|Any CPU
		{77F96A56-742F-467C-A2F6-CE108D5971D2}.Debug APx|x86.ActiveCfg = Debug|Any CPU
		{77F96A56-742F-467C-A2F6-CE108D5971D2}.Debug APx|x86.Build.0 = Debug|Any CPU
		{77F96A56-742F-467C-A2F6-CE108D5971D2}.Debug|Any CPU.ActiveCfg = Debug|Any CPU
		{77F96A56-742F-467C-A2F6-CE108D5971D2}.Debug|Any CPU.Build.0 = Debug|Any CPU
		{77F96A56-742F-467C-A2F6-CE108D5971D2}.Debug|x64.ActiveCfg = Debug|Any CPU
		{77F96A56-742F-467C-A2F6-CE108D5971D2}.Debug|x64.Build.0 = Debug|Any CPU
		{77F96A56-742F-467C-A2F6-CE108D5971D2}.Debug|x86.ActiveCfg = Debug|Any CPU
		{77F96A56-742F-467C-A2F6-CE108D5971D2}.Debug|x86.Build.0 = Debug|Any CPU
		{77F96A56-742F-467C-A2F6-CE108D5971D2}.Release|Any CPU.ActiveCfg = Release|Any CPU
		{77F96A56-742F-467C-A2F6-CE108D5971D2}.Release|Any CPU.Build.0 = Release|Any CPU
		{77F96A56-742F-467C-A2F6-CE108D5971D2}.Release|x64.ActiveCfg = Release|Any CPU
		{77F96A56-742F-467C-A2F6-CE108D5971D2}.Release|x64.Build.0 = Release|Any CPU
		{77F96A56-742F-467C-A2F6-CE108D5971D2}.Release|x86.ActiveCfg = Release|Any CPU
		{77F96A56-742F-467C-A2F6-CE108D5971D2}.Release|x86.Build.0 = Release|Any CPU
		{67B5B8E5-BD9A-4543-B880-87A5F9B6C6FD}.Debug APx|Any CPU.ActiveCfg = Debug|Any CPU
		{67B5B8E5-BD9A-4543-B880-87A5F9B6C6FD}.Debug APx|Any CPU.Build.0 = Debug|Any CPU
		{67B5B8E5-BD9A-4543-B880-87A5F9B6C6FD}.Debug APx|x64.ActiveCfg = Debug|Any CPU
		{67B5B8E5-BD9A-4543-B880-87A5F9B6C6FD}.Debug APx|x64.Build.0 = Debug|Any CPU
		{67B5B8E5-BD9A-4543-B880-87A5F9B6C6FD}.Debug APx|x86.ActiveCfg = Debug|Any CPU
		{67B5B8E5-BD9A-4543-B880-87A5F9B6C6FD}.Debug APx|x86.Build.0 = Debug|Any CPU
		{67B5B8E5-BD9A-4543-B880-87A5F9B6C6FD}.Debug|Any CPU.ActiveCfg = Debug|Any CPU
		{67B5B8E5-BD9A-4543-B880-87A5F9B6C6FD}.Debug|Any CPU.Build.0 = Debug|Any CPU
		{67B5B8E5-BD9A-4543-B880-87A5F9B6C6FD}.Debug|x64.ActiveCfg = Debug|Any CPU
		{67B5B8E5-BD9A-4543-B880-87A5F9B6C6FD}.Debug|x64.Build.0 = Debug|Any CPU
		{67B5B8E5-BD9A-4543-B880-87A5F9B6C6FD}.Debug|x86.ActiveCfg = Debug|Any CPU
		{67B5B8E5-BD9A-4543-B880-87A5F9B6C6FD}.Debug|x86.Build.0 = Debug|Any CPU
		{67B5B8E5-BD9A-4543-B880-87A5F9B6C6FD}.Release|Any CPU.ActiveCfg = Release|Any CPU
		{67B5B8E5-BD9A-4543-B880-87A5F9B6C6FD}.Release|Any CPU.Build.0 = Release|Any CPU
		{67B5B8E5-BD9A-4543-B880-87A5F9B6C6FD}.Release|x64.ActiveCfg = Release|Any CPU
		{67B5B8E5-BD9A-4543-B880-87A5F9B6C6FD}.Release|x64.Build.0 = Release|Any CPU
		{67B5B8E5-BD9A-4543-B880-87A5F9B6C6FD}.Release|x86.ActiveCfg = Release|Any CPU
		{67B5B8E5-BD9A-4543-B880-87A5F9B6C6FD}.Release|x86.Build.0 = Release|Any CPU
		{8D5C30FA-DF0B-40A7-9963-637B206ED908}.Debug APx|Any CPU.ActiveCfg = Debug|Any CPU
		{8D5C30FA-DF0B-40A7-9963-637B206ED908}.Debug APx|Any CPU.Build.0 = Debug|Any CPU
		{8D5C30FA-DF0B-40A7-9963-637B206ED908}.Debug APx|x64.ActiveCfg = Debug|Any CPU
		{8D5C30FA-DF0B-40A7-9963-637B206ED908}.Debug APx|x64.Build.0 = Debug|Any CPU
		{8D5C30FA-DF0B-40A7-9963-637B206ED908}.Debug APx|x86.ActiveCfg = Debug|Any CPU
		{8D5C30FA-DF0B-40A7-9963-637B206ED908}.Debug APx|x86.Build.0 = Debug|Any CPU
		{8D5C30FA-DF0B-40A7-9963-637B206ED908}.Debug|Any CPU.ActiveCfg = Debug|Any CPU
		{8D5C30FA-DF0B-40A7-9963-637B206ED908}.Debug|Any CPU.Build.0 = Debug|Any CPU
		{8D5C30FA-DF0B-40A7-9963-637B206ED908}.Debug|x64.ActiveCfg = Debug|Any CPU
		{8D5C30FA-DF0B-40A7-9963-637B206ED908}.Debug|x64.Build.0 = Debug|Any CPU
		{8D5C30FA-DF0B-40A7-9963-637B206ED908}.Debug|x86.ActiveCfg = Debug|Any CPU
		{8D5C30FA-DF0B-40A7-9963-637B206ED908}.Debug|x86.Build.0 = Debug|Any CPU
		{8D5C30FA-DF0B-40A7-9963-637B206ED908}.Release|Any CPU.ActiveCfg = Release|Any CPU
		{8D5C30FA-DF0B-40A7-9963-637B206ED908}.Release|Any CPU.Build.0 = Release|Any CPU
		{8D5C30FA-DF0B-40A7-9963-637B206ED908}.Release|x64.ActiveCfg = Release|Any CPU
		{8D5C30FA-DF0B-40A7-9963-637B206ED908}.Release|x64.Build.0 = Release|Any CPU
		{8D5C30FA-DF0B-40A7-9963-637B206ED908}.Release|x86.ActiveCfg = Release|Any CPU
		{8D5C30FA-DF0B-40A7-9963-637B206ED908}.Release|x86.Build.0 = Release|Any CPU
		{43D19357-6513-41D9-8DF7-4CEB8E68A8B4}.Debug APx|Any CPU.ActiveCfg = Debug|Any CPU
		{43D19357-6513-41D9-8DF7-4CEB8E68A8B4}.Debug APx|Any CPU.Build.0 = Debug|Any CPU
		{43D19357-6513-41D9-8DF7-4CEB8E68A8B4}.Debug APx|x64.ActiveCfg = Debug|Any CPU
		{43D19357-6513-41D9-8DF7-4CEB8E68A8B4}.Debug APx|x64.Build.0 = Debug|Any CPU
		{43D19357-6513-41D9-8DF7-4CEB8E68A8B4}.Debug APx|x86.ActiveCfg = Debug|Any CPU
		{43D19357-6513-41D9-8DF7-4CEB8E68A8B4}.Debug APx|x86.Build.0 = Debug|Any CPU
		{43D19357-6513-41D9-8DF7-4CEB8E68A8B4}.Debug|Any CPU.ActiveCfg = Debug|Any CPU
		{43D19357-6513-41D9-8DF7-4CEB8E68A8B4}.Debug|Any CPU.Build.0 = Debug|Any CPU
		{43D19357-6513-41D9-8DF7-4CEB8E68A8B4}.Debug|x64.ActiveCfg = Debug|Any CPU
		{43D19357-6513-41D9-8DF7-4CEB8E68A8B4}.Debug|x64.Build.0 = Debug|Any CPU
		{43D19357-6513-41D9-8DF7-4CEB8E68A8B4}.Debug|x86.ActiveCfg = Debug|Any CPU
		{43D19357-6513-41D9-8DF7-4CEB8E68A8B4}.Debug|x86.Build.0 = Debug|Any CPU
		{43D19357-6513-41D9-8DF7-4CEB8E68A8B4}.Release|Any CPU.ActiveCfg = Release|Any CPU
		{43D19357-6513-41D9-8DF7-4CEB8E68A8B4}.Release|Any CPU.Build.0 = Release|Any CPU
		{43D19357-6513-41D9-8DF7-4CEB8E68A8B4}.Release|x64.ActiveCfg = Release|Any CPU
		{43D19357-6513-41D9-8DF7-4CEB8E68A8B4}.Release|x64.Build.0 = Release|Any CPU
		{43D19357-6513-41D9-8DF7-4CEB8E68A8B4}.Release|x86.ActiveCfg = Release|Any CPU
		{43D19357-6513-41D9-8DF7-4CEB8E68A8B4}.Release|x86.Build.0 = Release|Any CPU
		{3A082AAD-3FF9-4BD6-BCC6-F5BCB5CCB1BF}.Debug APx|Any CPU.ActiveCfg = Debug|Any CPU
		{3A082AAD-3FF9-4BD6-BCC6-F5BCB5CCB1BF}.Debug APx|Any CPU.Build.0 = Debug|Any CPU
		{3A082AAD-3FF9-4BD6-BCC6-F5BCB5CCB1BF}.Debug APx|x64.ActiveCfg = Debug|Any CPU
		{3A082AAD-3FF9-4BD6-BCC6-F5BCB5CCB1BF}.Debug APx|x64.Build.0 = Debug|Any CPU
		{3A082AAD-3FF9-4BD6-BCC6-F5BCB5CCB1BF}.Debug APx|x86.ActiveCfg = Debug|Any CPU
		{3A082AAD-3FF9-4BD6-BCC6-F5BCB5CCB1BF}.Debug APx|x86.Build.0 = Debug|Any CPU
		{3A082AAD-3FF9-4BD6-BCC6-F5BCB5CCB1BF}.Debug|Any CPU.ActiveCfg = Debug|Any CPU
		{3A082AAD-3FF9-4BD6-BCC6-F5BCB5CCB1BF}.Debug|Any CPU.Build.0 = Debug|Any CPU
		{3A082AAD-3FF9-4BD6-BCC6-F5BCB5CCB1BF}.Debug|x64.ActiveCfg = Debug|Any CPU
		{3A082AAD-3FF9-4BD6-BCC6-F5BCB5CCB1BF}.Debug|x64.Build.0 = Debug|Any CPU
		{3A082AAD-3FF9-4BD6-BCC6-F5BCB5CCB1BF}.Debug|x86.ActiveCfg = Debug|Any CPU
		{3A082AAD-3FF9-4BD6-BCC6-F5BCB5CCB1BF}.Debug|x86.Build.0 = Debug|Any CPU
		{3A082AAD-3FF9-4BD6-BCC6-F5BCB5CCB1BF}.Release|Any CPU.ActiveCfg = Release|Any CPU
		{3A082AAD-3FF9-4BD6-BCC6-F5BCB5CCB1BF}.Release|Any CPU.Build.0 = Release|Any CPU
		{3A082AAD-3FF9-4BD6-BCC6-F5BCB5CCB1BF}.Release|x64.ActiveCfg = Release|Any CPU
		{3A082AAD-3FF9-4BD6-BCC6-F5BCB5CCB1BF}.Release|x64.Build.0 = Release|Any CPU
		{3A082AAD-3FF9-4BD6-BCC6-F5BCB5CCB1BF}.Release|x86.ActiveCfg = Release|Any CPU
		{3A082AAD-3FF9-4BD6-BCC6-F5BCB5CCB1BF}.Release|x86.Build.0 = Release|Any CPU
		{48302387-7A99-49CF-9FF5-837DED80D400}.Debug APx|Any CPU.ActiveCfg = Debug|Any CPU
		{48302387-7A99-49CF-9FF5-837DED80D400}.Debug APx|Any CPU.Build.0 = Debug|Any CPU
		{48302387-7A99-49CF-9FF5-837DED80D400}.Debug APx|x64.ActiveCfg = Debug|Any CPU
		{48302387-7A99-49CF-9FF5-837DED80D400}.Debug APx|x64.Build.0 = Debug|Any CPU
		{48302387-7A99-49CF-9FF5-837DED80D400}.Debug APx|x86.ActiveCfg = Debug|Any CPU
		{48302387-7A99-49CF-9FF5-837DED80D400}.Debug APx|x86.Build.0 = Debug|Any CPU
		{48302387-7A99-49CF-9FF5-837DED80D400}.Debug|Any CPU.ActiveCfg = Debug|Any CPU
		{48302387-7A99-49CF-9FF5-837DED80D400}.Debug|Any CPU.Build.0 = Debug|Any CPU
		{48302387-7A99-49CF-9FF5-837DED80D400}.Debug|x64.ActiveCfg = Debug|Any CPU
		{48302387-7A99-49CF-9FF5-837DED80D400}.Debug|x64.Build.0 = Debug|Any CPU
		{48302387-7A99-49CF-9FF5-837DED80D400}.Debug|x86.ActiveCfg = Debug|Any CPU
		{48302387-7A99-49CF-9FF5-837DED80D400}.Debug|x86.Build.0 = Debug|Any CPU
		{48302387-7A99-49CF-9FF5-837DED80D400}.Release|Any CPU.ActiveCfg = Release|Any CPU
		{48302387-7A99-49CF-9FF5-837DED80D400}.Release|Any CPU.Build.0 = Release|Any CPU
		{48302387-7A99-49CF-9FF5-837DED80D400}.Release|x64.ActiveCfg = Release|Any CPU
		{48302387-7A99-49CF-9FF5-837DED80D400}.Release|x64.Build.0 = Release|Any CPU
		{48302387-7A99-49CF-9FF5-837DED80D400}.Release|x86.ActiveCfg = Release|Any CPU
		{48302387-7A99-49CF-9FF5-837DED80D400}.Release|x86.Build.0 = Release|Any CPU
		{9EEC0E03-9E6A-4F8B-8B1C-42CD36D5ACF3}.Debug APx|Any CPU.ActiveCfg = Debug|Any CPU
		{9EEC0E03-9E6A-4F8B-8B1C-42CD36D5ACF3}.Debug APx|Any CPU.Build.0 = Debug|Any CPU
		{9EEC0E03-9E6A-4F8B-8B1C-42CD36D5ACF3}.Debug APx|x64.ActiveCfg = Debug|Any CPU
		{9EEC0E03-9E6A-4F8B-8B1C-42CD36D5ACF3}.Debug APx|x64.Build.0 = Debug|Any CPU
		{9EEC0E03-9E6A-4F8B-8B1C-42CD36D5ACF3}.Debug APx|x86.ActiveCfg = Debug|Any CPU
		{9EEC0E03-9E6A-4F8B-8B1C-42CD36D5ACF3}.Debug APx|x86.Build.0 = Debug|Any CPU
		{9EEC0E03-9E6A-4F8B-8B1C-42CD36D5ACF3}.Debug|Any CPU.ActiveCfg = Debug|Any CPU
		{9EEC0E03-9E6A-4F8B-8B1C-42CD36D5ACF3}.Debug|Any CPU.Build.0 = Debug|Any CPU
		{9EEC0E03-9E6A-4F8B-8B1C-42CD36D5ACF3}.Debug|x64.ActiveCfg = Debug|Any CPU
		{9EEC0E03-9E6A-4F8B-8B1C-42CD36D5ACF3}.Debug|x64.Build.0 = Debug|Any CPU
		{9EEC0E03-9E6A-4F8B-8B1C-42CD36D5ACF3}.Debug|x86.ActiveCfg = Debug|Any CPU
		{9EEC0E03-9E6A-4F8B-8B1C-42CD36D5ACF3}.Debug|x86.Build.0 = Debug|Any CPU
		{9EEC0E03-9E6A-4F8B-8B1C-42CD36D5ACF3}.Release|Any CPU.ActiveCfg = Release|Any CPU
		{9EEC0E03-9E6A-4F8B-8B1C-42CD36D5ACF3}.Release|Any CPU.Build.0 = Release|Any CPU
		{9EEC0E03-9E6A-4F8B-8B1C-42CD36D5ACF3}.Release|x64.ActiveCfg = Release|Any CPU
		{9EEC0E03-9E6A-4F8B-8B1C-42CD36D5ACF3}.Release|x64.Build.0 = Release|Any CPU
		{9EEC0E03-9E6A-4F8B-8B1C-42CD36D5ACF3}.Release|x86.ActiveCfg = Release|Any CPU
		{9EEC0E03-9E6A-4F8B-8B1C-42CD36D5ACF3}.Release|x86.Build.0 = Release|Any CPU
		{16E9F80F-D299-4BDC-9F18-421D85E7768D}.Debug APx|Any CPU.ActiveCfg = Debug|Any CPU
		{16E9F80F-D299-4BDC-9F18-421D85E7768D}.Debug APx|Any CPU.Build.0 = Debug|Any CPU
		{16E9F80F-D299-4BDC-9F18-421D85E7768D}.Debug APx|x64.ActiveCfg = Debug|Any CPU
		{16E9F80F-D299-4BDC-9F18-421D85E7768D}.Debug APx|x64.Build.0 = Debug|Any CPU
		{16E9F80F-D299-4BDC-9F18-421D85E7768D}.Debug APx|x86.ActiveCfg = Debug|Any CPU
		{16E9F80F-D299-4BDC-9F18-421D85E7768D}.Debug APx|x86.Build.0 = Debug|Any CPU
		{16E9F80F-D299-4BDC-9F18-421D85E7768D}.Debug|Any CPU.ActiveCfg = Debug|Any CPU
		{16E9F80F-D299-4BDC-9F18-421D85E7768D}.Debug|Any CPU.Build.0 = Debug|Any CPU
		{16E9F80F-D299-4BDC-9F18-421D85E7768D}.Debug|x64.ActiveCfg = Debug|Any CPU
		{16E9F80F-D299-4BDC-9F18-421D85E7768D}.Debug|x64.Build.0 = Debug|Any CPU
		{16E9F80F-D299-4BDC-9F18-421D85E7768D}.Debug|x86.ActiveCfg = Debug|Any CPU
		{16E9F80F-D299-4BDC-9F18-421D85E7768D}.Debug|x86.Build.0 = Debug|Any CPU
		{16E9F80F-D299-4BDC-9F18-421D85E7768D}.Release|Any CPU.ActiveCfg = Release|Any CPU
		{16E9F80F-D299-4BDC-9F18-421D85E7768D}.Release|Any CPU.Build.0 = Release|Any CPU
		{16E9F80F-D299-4BDC-9F18-421D85E7768D}.Release|x64.ActiveCfg = Release|Any CPU
		{16E9F80F-D299-4BDC-9F18-421D85E7768D}.Release|x64.Build.0 = Release|Any CPU
		{16E9F80F-D299-4BDC-9F18-421D85E7768D}.Release|x86.ActiveCfg = Release|Any CPU
		{16E9F80F-D299-4BDC-9F18-421D85E7768D}.Release|x86.Build.0 = Release|Any CPU
		{D5085F30-68F7-484A-870E-5B0A99C3B627}.Debug APx|Any CPU.ActiveCfg = Debug|Any CPU
		{D5085F30-68F7-484A-870E-5B0A99C3B627}.Debug APx|Any CPU.Build.0 = Debug|Any CPU
		{D5085F30-68F7-484A-870E-5B0A99C3B627}.Debug APx|x64.ActiveCfg = Debug|Any CPU
		{D5085F30-68F7-484A-870E-5B0A99C3B627}.Debug APx|x64.Build.0 = Debug|Any CPU
		{D5085F30-68F7-484A-870E-5B0A99C3B627}.Debug APx|x86.ActiveCfg = Debug|Any CPU
		{D5085F30-68F7-484A-870E-5B0A99C3B627}.Debug APx|x86.Build.0 = Debug|Any CPU
		{D5085F30-68F7-484A-870E-5B0A99C3B627}.Debug|Any CPU.ActiveCfg = Debug|Any CPU
		{D5085F30-68F7-484A-870E-5B0A99C3B627}.Debug|Any CPU.Build.0 = Debug|Any CPU
		{D5085F30-68F7-484A-870E-5B0A99C3B627}.Debug|x64.ActiveCfg = Debug|Any CPU
		{D5085F30-68F7-484A-870E-5B0A99C3B627}.Debug|x64.Build.0 = Debug|Any CPU
		{D5085F30-68F7-484A-870E-5B0A99C3B627}.Debug|x86.ActiveCfg = Debug|Any CPU
		{D5085F30-68F7-484A-870E-5B0A99C3B627}.Debug|x86.Build.0 = Debug|Any CPU
		{D5085F30-68F7-484A-870E-5B0A99C3B627}.Release|Any CPU.ActiveCfg = Release|Any CPU
		{D5085F30-68F7-484A-870E-5B0A99C3B627}.Release|Any CPU.Build.0 = Release|Any CPU
		{D5085F30-68F7-484A-870E-5B0A99C3B627}.Release|x64.ActiveCfg = Release|Any CPU
		{D5085F30-68F7-484A-870E-5B0A99C3B627}.Release|x64.Build.0 = Release|Any CPU
		{D5085F30-68F7-484A-870E-5B0A99C3B627}.Release|x86.ActiveCfg = Release|Any CPU
		{D5085F30-68F7-484A-870E-5B0A99C3B627}.Release|x86.Build.0 = Release|Any CPU
		{39062F28-8652-464A-BDA4-71EDB39D5534}.Debug APx|Any CPU.ActiveCfg = Debug|Any CPU
		{39062F28-8652-464A-BDA4-71EDB39D5534}.Debug APx|Any CPU.Build.0 = Debug|Any CPU
		{39062F28-8652-464A-BDA4-71EDB39D5534}.Debug APx|x64.ActiveCfg = Debug|Any CPU
		{39062F28-8652-464A-BDA4-71EDB39D5534}.Debug APx|x64.Build.0 = Debug|Any CPU
		{39062F28-8652-464A-BDA4-71EDB39D5534}.Debug APx|x86.ActiveCfg = Debug|Any CPU
		{39062F28-8652-464A-BDA4-71EDB39D5534}.Debug APx|x86.Build.0 = Debug|Any CPU
		{39062F28-8652-464A-BDA4-71EDB39D5534}.Debug|Any CPU.ActiveCfg = Debug|Any CPU
		{39062F28-8652-464A-BDA4-71EDB39D5534}.Debug|Any CPU.Build.0 = Debug|Any CPU
		{39062F28-8652-464A-BDA4-71EDB39D5534}.Debug|x64.ActiveCfg = Debug|Any CPU
		{39062F28-8652-464A-BDA4-71EDB39D5534}.Debug|x64.Build.0 = Debug|Any CPU
		{39062F28-8652-464A-BDA4-71EDB39D5534}.Debug|x86.ActiveCfg = Debug|Any CPU
		{39062F28-8652-464A-BDA4-71EDB39D5534}.Debug|x86.Build.0 = Debug|Any CPU
		{39062F28-8652-464A-BDA4-71EDB39D5534}.Release|Any CPU.ActiveCfg = Release|Any CPU
		{39062F28-8652-464A-BDA4-71EDB39D5534}.Release|Any CPU.Build.0 = Release|Any CPU
		{39062F28-8652-464A-BDA4-71EDB39D5534}.Release|x64.ActiveCfg = Release|Any CPU
		{39062F28-8652-464A-BDA4-71EDB39D5534}.Release|x64.Build.0 = Release|Any CPU
		{39062F28-8652-464A-BDA4-71EDB39D5534}.Release|x86.ActiveCfg = Release|Any CPU
		{39062F28-8652-464A-BDA4-71EDB39D5534}.Release|x86.Build.0 = Release|Any CPU
	EndGlobalSection
	GlobalSection(SolutionProperties) = preSolution
		HideSolutionNode = FALSE
	EndGlobalSection
	GlobalSection(NestedProjects) = preSolution
		{44F31DE5-2842-4082-9B43-F19D16F3DF6D} = {FF8B0288-9FB7-418F-BF28-3778F0EAC2D1}
		{75E823F0-0082-494C-B392-9487674AB40B} = {BF7B3F3F-E8EA-45FA-981A-7226D22D7628}
		{418DA126-4D22-4CE8-B371-86DD81A2444B} = {BF7B3F3F-E8EA-45FA-981A-7226D22D7628}
		{2B3A17A8-CB20-46FA-95BA-D1F70652171E} = {BF7B3F3F-E8EA-45FA-981A-7226D22D7628}
		{77F96A56-742F-467C-A2F6-CE108D5971D2} = {BF7B3F3F-E8EA-45FA-981A-7226D22D7628}
		{67B5B8E5-BD9A-4543-B880-87A5F9B6C6FD} = {BF7B3F3F-E8EA-45FA-981A-7226D22D7628}
		{8D5C30FA-DF0B-40A7-9963-637B206ED908} = {BF7B3F3F-E8EA-45FA-981A-7226D22D7628}
		{43D19357-6513-41D9-8DF7-4CEB8E68A8B4} = {BF7B3F3F-E8EA-45FA-981A-7226D22D7628}
		{3A082AAD-3FF9-4BD6-BCC6-F5BCB5CCB1BF} = {BF7B3F3F-E8EA-45FA-981A-7226D22D7628}
		{48302387-7A99-49CF-9FF5-837DED80D400} = {BF7B3F3F-E8EA-45FA-981A-7226D22D7628}
	EndGlobalSection
	GlobalSection(ExtensibilityGlobals) = postSolution
		SolutionGuid = {8AB3D367-5D88-4604-A53E-6E1E75BE4DEF}
	EndGlobalSection
EndGlobal
